
Microsoft Visual Studio Solution File, Format Version 12.00
# Visual Studio Version 16
VisualStudioVersion = 16.0.29123.88
MinimumVisualStudioVersion = 10.0.40219.1
Project("{FAE04EC0-301F-11D3-BF4B-00C04F79EFBC}") = "tree", "tree\tree.csproj", "{D81E8E59-2A6E-4C2B-9162-80FFAC305B1D}"
EndProject
Global
	GlobalSection(SolutionConfigurationPlatforms) = preSolution
		Debug|Any CPU = Debug|Any CPU
		Release|Any CPU = Release|Any CPU
	EndGlobalSection
	GlobalSection(ProjectConfigurationPlatforms) = postSolution
		{D81E8E59-2A6E-4C2B-9162-80FFAC305B1D}.Debug|Any CPU.ActiveCfg = Debug|Any CPU
		{D81E8E59-2A6E-4C2B-9162-80FFAC305B1D}.Debug|Any CPU.Build.0 = Debug|Any CPU
		{D81E8E59-2A6E-4C2B-9162-80FFAC305B1D}.Release|Any CPU.ActiveCfg = Release|Any CPU
		{D81E8E59-2A6E-4C2B-9162-80FFAC305B1D}.Release|Any CPU.Build.0 = Release|Any CPU
	EndGlobalSection
	GlobalSection(SolutionProperties) = preSolution
		HideSolutionNode = FALSE
	EndGlobalSection
	GlobalSection(ExtensibilityGlobals) = postSolution
		SolutionGuid = {98B0321A-25E2-49D9-B333-9CD1C7E42425}
	EndGlobalSection
EndGlobal
